# Code generated by goalchemy spec generate. DO NOT EDIT.
target: java
function: std.sync.mutex.lock
contract_version: 1.0.0
contract_hash: 6f0a76d917ebb6db12f234b4d02ce65d3c31540da84d025a27a6dcd5b26b19ca
symbol: "StdSyncMutexLock.stdSyncMutexLock"
implementation: runtime/StdSyncMutexLock.java
implementation_hash: b03ecc33fbed4e47ad32da58d5f34c7c46bbe8c2ae84fda5902d324daa3ee475
summary: "sync.Mutex.Lock: acquire, or wait in FIFO order."
suspension: may
determinism: controlled
signature:
  type_parameters: []
  inputs:
    - {name: m, type: "*sync.Mutex"}
  outputs: []
tested_instantiations:
  - {}
requires: [core.task.spawn]
cases: [unlocked]
