# Code generated by goalchemy spec generate. DO NOT EDIT.
target: go
function: std.sync.mutex.unlock
contract_version: 1.0.0
contract_hash: d432bb323379bd873c39346fa27f78ca8a93a8bc55125efd0418fa32c82e5e93
symbol: "rt.StdSyncMutexUnlock"
implementation: runtime/std_sync_mutex_unlock.go
implementation_hash: 7c7309d1c2b062cc7f22ee8e74deab9fa9e6443fb3fdb4738cd0831ccbef4cac
summary: "sync.Mutex.Unlock: hand the lock to the first waiter or release it."
suspension: never
determinism: deterministic
signature:
  type_parameters: []
  inputs:
    - {name: m, type: "*sync.Mutex"}
  outputs: []
tested_instantiations:
  - {}
requires: [std.sync.mutex.lock]
cases: [lock_then_unlock]
