# Code generated by goalchemy spec generate. DO NOT EDIT.
target: csharp
function: std.sync.mutex.unlock
contract_version: 1.0.0
contract_hash: d432bb323379bd873c39346fa27f78ca8a93a8bc55125efd0418fa32c82e5e93
symbol: "R.stdSyncMutexUnlock"
implementation: runtime/StdSyncMutexUnlock.cs
implementation_hash: 1cc545ac852da76adfb0fb2b72c42f88ec42b51cecbeb08451def0ba74a1e2b0
summary: "sync.Mutex.Unlock: hand the lock to the first waiter or release it."
suspension: never
determinism: deterministic
signature:
  type_parameters: []
  inputs:
    - {name: m, type: "*sync.Mutex"}
  outputs: []
tested_instantiations:
  - {}
requires: [std.sync.mutex.lock]
cases: [lock_then_unlock]
