# Code generated by goalchemy spec generate. DO NOT EDIT.
target: swift
function: std.sync.mutex.unlock
contract_version: 1.0.0
contract_hash: d432bb323379bd873c39346fa27f78ca8a93a8bc55125efd0418fa32c82e5e93
symbol: "GNative.std_sync_mutex_unlock"
implementation: runtime/std_sync_mutex_unlock.swift
implementation_hash: 1d21cf204fb2561ced8d1958220a7aebdb60e5a73504077405477aeb4a5fc826
summary: "sync.Mutex.Unlock: hand the lock to the first waiter or release it."
suspension: never
determinism: deterministic
signature:
  type_parameters: []
  inputs:
    - {name: m, type: "*sync.Mutex"}
  outputs: []
tested_instantiations:
  - {}
requires: [std.sync.mutex.lock]
cases: [lock_then_unlock]
