# Code generated by goalchemy spec generate. DO NOT EDIT.
target: c
function: std.sync.mutex.lock
contract_version: 1.0.0
contract_hash: 6f0a76d917ebb6db12f234b4d02ce65d3c31540da84d025a27a6dcd5b26b19ca
symbol: "gx_std_sync_mutex_lock"
implementation: runtime/std_sync_mutex_lock.c
implementation_hash: 90457181f1721f9083fe950fc76887eb38f4b641e4302fcda62dcfc8505ce3f9
summary: "sync.Mutex.Lock: acquire, or wait in FIFO order."
suspension: may
determinism: controlled
signature:
  type_parameters: []
  inputs:
    - {name: m, type: "*sync.Mutex"}
  outputs: []
tested_instantiations:
  - {}
requires: [core.task.spawn]
cases: [unlocked]
