# Code generated by goalchemy spec generate. DO NOT EDIT.
target: typescript
function: std.sync.mutex.unlock
contract_version: 1.0.0
contract_hash: d432bb323379bd873c39346fa27f78ca8a93a8bc55125efd0418fa32c82e5e93
symbol: "rt.stdSyncMutexUnlock"
implementation: runtime/std_sync_mutex_unlock.ts
implementation_hash: 34a15cb53dfc6e55bbf9730988081c7b78a0f81010cd92353b80487a3107c116
summary: "sync.Mutex.Unlock: hand the lock to the first waiter or release it."
suspension: never
determinism: deterministic
signature:
  type_parameters: []
  inputs:
    - {name: m, type: "*sync.Mutex"}
  outputs: []
tested_instantiations:
  - {}
requires: [std.sync.mutex.lock]
cases: [lock_then_unlock]
