# Code generated by goalchemy spec generate. DO NOT EDIT.
target: rust
function: std.sync.mutex.lock
contract_version: 1.0.0
contract_hash: 6f0a76d917ebb6db12f234b4d02ce65d3c31540da84d025a27a6dcd5b26b19ca
symbol: "std_sync_mutex_lock"
implementation: runtime/std_sync_mutex_lock.rs
implementation_hash: 6df8e5e024039a85c78a6892e5eae2fa4d9db729b8a96efa587552e0df9ec831
summary: "sync.Mutex.Lock: acquire, or wait in FIFO order."
suspension: may
determinism: controlled
signature:
  type_parameters: []
  inputs:
    - {name: m, type: "*sync.Mutex"}
  outputs: []
tested_instantiations:
  - {}
requires: [core.task.spawn]
cases: [unlocked]
